{
  "nodes": {
    "flake-parts": {
      "inputs": {
        "nixpkgs-lib": [
          "nixpkgs"
        ]
      },
      "locked": {
        "lastModified": 1782949081,
        "narHash": "sha256-vp6Y/Grm98ESt6ceOkWiHWyZRDV3J1RID4w+6NWK9yA=",
        "owner": "hercules-ci",
        "repo": "flake-parts",
        "rev": "17c9d6cdfc60c64f4ee8d306f9bc0b4ccb51481e",
        "type": "github"
      },
      "original": {
        "owner": "hercules-ci",
        "repo": "flake-parts",
        "type": "github"
      }
    },
    "flake-parts_2": {
      "inputs": {
        "nixpkgs-lib": "nixpkgs-lib"
      },
      "locked": {
        "lastModified": 1769996383,
        "narHash": "sha256-AnYjnFWgS49RlqX7LrC4uA+sCCDBj0Ry/WOJ5XWAsa0=",
        "owner": "hercules-ci",
        "repo": "flake-parts",
        "rev": "57928607ea566b5db3ad13af0e57e921e6b12381",
        "type": "github"
      },
      "original": {
        "owner": "hercules-ci",
        "repo": "flake-parts",
        "type": "github"
      }
    },
    "import-tree": {
      "locked": {
        "lastModified": 1784254960,
        "narHash": "sha256-iI88R3wHz8wTKQb5orvpc51L/Xr64AJyxid/0MKa/b8=",
        "owner": "denful",
        "repo": "import-tree",
        "rev": "4ebb10ae17d5f1ad366e7aef5b92cb8eecf24f69",
        "type": "github"
      },
      "original": {
        "owner": "denful",
        "repo": "import-tree",
        "type": "github"
      }
    },
    "import-tree_2": {
      "locked": {
        "lastModified": 1771045967,
        "narHash": "sha256-oYO4poyw0Sb/db2PigqugMlDwsvwLg6CSpFrMUWxA3Q=",
        "owner": "vic",
        "repo": "import-tree",
        "rev": "c968d3b54d12cf5d9c13f16f7c545a06c9d1fde6",
        "type": "github"
      },
      "original": {
        "owner": "vic",
        "repo": "import-tree",
        "type": "github"
      }
    },
    "linux-src": {
      "flake": false,
      "locked": {
        "lastModified": 1784462715,
        "narHash": "sha256-GcL05B8nMn3tkuG2dcPxvqwW2Q5B1eMGFzFUOI1QrgY=",
        "owner": "jglathe",
        "repo": "linux_ms_dev_kit",
        "rev": "bd336e2e0937cb5b2dd258e784b3b6267c653167",
        "type": "github"
      },
      "original": {
        "owner": "jglathe",
        "ref": "jg/ubuntu-qcom-x1e-7.1.3-jg-2",
        "repo": "linux_ms_dev_kit",
        "type": "github"
      }
    },
    "nixpkgs": {
      "locked": {
        "lastModified": 1784497964,
        "narHash": "sha256-vlHUuqAcbcH2RKmHbPiuQzbv1pnzzavXnI62RD0bqCU=",
        "owner": "NixOS",
        "repo": "nixpkgs",
        "rev": "241313f4e8e508cb9b13278c2b0fa25b9ca27163",
        "type": "github"
      },
      "original": {
        "owner": "NixOS",
        "ref": "nixos-unstable",
        "repo": "nixpkgs",
        "type": "github"
      }
    },
    "nixpkgs-lib": {
      "locked": {
        "lastModified": 1769909678,
        "narHash": "sha256-cBEymOf4/o3FD5AZnzC3J9hLbiZ+QDT/KDuyHXVJOpM=",
        "owner": "nix-community",
        "repo": "nixpkgs.lib",
        "rev": "72716169fe93074c333e8d0173151350670b824c",
        "type": "github"
      },
      "original": {
        "owner": "nix-community",
        "repo": "nixpkgs.lib",
        "type": "github"
      }
    },
    "root": {
      "inputs": {
        "flake-parts": "flake-parts",
        "import-tree": "import-tree",
        "linux-src": "linux-src",
        "nixpkgs": "nixpkgs",
        "slim5x-firmware": "slim5x-firmware",
        "systemd-boot-installer": "systemd-boot-installer"
      }
    },
    "slim5x-firmware": {
      "flake": false,
      "locked": {
        "lastModified": 1767796667,
        "narHash": "sha256-x5Y75WCzl3JfdrL4pPw1xgzY/z/qK+DFfrMo1bh8Eh4=",
        "owner": "Tokor0",
        "repo": "linux-firmware-x1p42100-lenovo-ideapad-slim5x",
        "rev": "bccb601c19bb2e4e3320a9666114c039836c4b9c",
        "type": "github"
      },
      "original": {
        "owner": "Tokor0",
        "repo": "linux-firmware-x1p42100-lenovo-ideapad-slim5x",
        "rev": "bccb601c19bb2e4e3320a9666114c039836c4b9c",
        "type": "github"
      }
    },
    "systemd-boot-installer": {
      "inputs": {
        "flake-parts": "flake-parts_2",
        "import-tree": "import-tree_2",
        "nixpkgs": [
          "nixpkgs"
        ]
      },
      "locked": {
        "lastModified": 1776631016,
        "narHash": "sha256-wKOLUFhOvuNfG/FHi5oFqAXHwto7z2zXslPajAX9aAA=",
        "owner": "Tokor0",
        "repo": "nixos-systemd-boot-installer",
        "rev": "60919c54a74b8094341ecb0179a17cb08204ccd9",
        "type": "github"
      },
      "original": {
        "owner": "Tokor0",
        "repo": "nixos-systemd-boot-installer",
        "type": "github"
      }
    }
  },
  "root": "root",
  "version": 7
}
