{
  "nodes": {
    "flake-parts": {
      "inputs": {
        "nixpkgs-lib": [
          "nixpkgs"
        ]
      },
      "locked": {
        "lastModified": 1778716662,
        "narHash": "sha256-m1Yf0wZ8j1OHjTc2UwHwyQRSnNeSgLJOd7q5Y45hzi4=",
        "owner": "hercules-ci",
        "repo": "flake-parts",
        "rev": "f7c1a2d347e4c52d5fb8d10cb4d94b5884e546fb",
        "type": "github"
      },
      "original": {
        "owner": "hercules-ci",
        "repo": "flake-parts",
        "type": "github"
      }
    },
    "flake-parts_2": {
      "inputs": {
        "nixpkgs-lib": "nixpkgs-lib"
      },
      "locked": {
        "lastModified": 1769996383,
        "narHash": "sha256-AnYjnFWgS49RlqX7LrC4uA+sCCDBj0Ry/WOJ5XWAsa0=",
        "owner": "hercules-ci",
        "repo": "flake-parts",
        "rev": "57928607ea566b5db3ad13af0e57e921e6b12381",
        "type": "github"
      },
      "original": {
        "owner": "hercules-ci",
        "repo": "flake-parts",
        "type": "github"
      }
    },
    "import-tree": {
      "locked": {
        "lastModified": 1778781969,
        "narHash": "sha256-Jjuz5CmSkur8KvLDoGa+vylEp+RkQtv4mt/qcMznpH0=",
        "owner": "vic",
        "repo": "import-tree",
        "rev": "d321337efd0f23a9eb14a42adb7b2c29313ab274",
        "type": "github"
      },
      "original": {
        "owner": "vic",
        "repo": "import-tree",
        "type": "github"
      }
    },
    "import-tree_2": {
      "locked": {
        "lastModified": 1771045967,
        "narHash": "sha256-oYO4poyw0Sb/db2PigqugMlDwsvwLg6CSpFrMUWxA3Q=",
        "owner": "vic",
        "repo": "import-tree",
        "rev": "c968d3b54d12cf5d9c13f16f7c545a06c9d1fde6",
        "type": "github"
      },
      "original": {
        "owner": "vic",
        "repo": "import-tree",
        "type": "github"
      }
    },
    "linux-src": {
      "flake": false,
      "locked": {
        "lastModified": 1779290539,
        "narHash": "sha256-tttTEDmPLkoGgyn7XNd4OF8roffiddgvPnL+oMd/x1o=",
        "owner": "jglathe",
        "repo": "linux_ms_dev_kit",
        "rev": "e2c46c019aa08315511eda4b7dc82d60af64eaab",
        "type": "github"
      },
      "original": {
        "owner": "jglathe",
        "ref": "jg/ubuntu-qcom-x1e-6.19.14-jg-4",
        "repo": "linux_ms_dev_kit",
        "type": "github"
      }
    },
    "nixpkgs": {
      "locked": {
        "lastModified": 1779560665,
        "narHash": "sha256-tpyBcxPpcQb8ukyNF7DoCwfSY3VPsxHoYwj00Cayv5o=",
        "owner": "NixOS",
        "repo": "nixpkgs",
        "rev": "64c08a7ca051951c8eae34e3e3cb1e202fe36786",
        "type": "github"
      },
      "original": {
        "owner": "NixOS",
        "ref": "nixos-unstable",
        "repo": "nixpkgs",
        "type": "github"
      }
    },
    "nixpkgs-lib": {
      "locked": {
        "lastModified": 1769909678,
        "narHash": "sha256-cBEymOf4/o3FD5AZnzC3J9hLbiZ+QDT/KDuyHXVJOpM=",
        "owner": "nix-community",
        "repo": "nixpkgs.lib",
        "rev": "72716169fe93074c333e8d0173151350670b824c",
        "type": "github"
      },
      "original": {
        "owner": "nix-community",
        "repo": "nixpkgs.lib",
        "type": "github"
      }
    },
    "root": {
      "inputs": {
        "flake-parts": "flake-parts",
        "import-tree": "import-tree",
        "linux-src": "linux-src",
        "nixpkgs": "nixpkgs",
        "slim5x-firmware": "slim5x-firmware",
        "systemd-boot-installer": "systemd-boot-installer"
      }
    },
    "slim5x-firmware": {
      "flake": false,
      "locked": {
        "lastModified": 1767796667,
        "narHash": "sha256-x5Y75WCzl3JfdrL4pPw1xgzY/z/qK+DFfrMo1bh8Eh4=",
        "owner": "Tokor0",
        "repo": "linux-firmware-x1p42100-lenovo-ideapad-slim5x",
        "rev": "bccb601c19bb2e4e3320a9666114c039836c4b9c",
        "type": "github"
      },
      "original": {
        "owner": "Tokor0",
        "repo": "linux-firmware-x1p42100-lenovo-ideapad-slim5x",
        "rev": "bccb601c19bb2e4e3320a9666114c039836c4b9c",
        "type": "github"
      }
    },
    "systemd-boot-installer": {
      "inputs": {
        "flake-parts": "flake-parts_2",
        "import-tree": "import-tree_2",
        "nixpkgs": [
          "nixpkgs"
        ]
      },
      "locked": {
        "lastModified": 1776631016,
        "narHash": "sha256-wKOLUFhOvuNfG/FHi5oFqAXHwto7z2zXslPajAX9aAA=",
        "owner": "Tokor0",
        "repo": "nixos-systemd-boot-installer",
        "rev": "60919c54a74b8094341ecb0179a17cb08204ccd9",
        "type": "github"
      },
      "original": {
        "owner": "Tokor0",
        "repo": "nixos-systemd-boot-installer",
        "type": "github"
      }
    }
  },
  "root": "root",
  "version": 7
}
